
Microsoft Visual Studio Solution File, Format Version 12.00
# Visual Studio Version 17
VisualStudioVersion = 17.14.36603.0 d17.14
MinimumVisualStudioVersion = 10.0.40219.1
Project("{FAE04EC0-301F-11D3-BF4B-00C04F79EFBC}") = "Repositories", "Repositories\Repositories.csproj", "{2C1B7A78-3705-45DF-8C20-0AC3BA8CB24F}"
EndProject
Project("{FAE04EC0-301F-11D3-BF4B-00C04F79EFBC}") = "Services", "Services\Services.csproj", "{FC63D106-E429-4D6B-A565-BBB144AEC05B}"
EndProject
Project("{FAE04EC0-301F-11D3-BF4B-00C04F79EFBC}") = "WebAPIs", "WebAPIs\WebAPIs.csproj", "{E7198160-A46B-4957-9FCF-31E96033B9B1}"
EndProject
Global
	GlobalSection(SolutionConfigurationPlatforms) = preSolution
		Debug|Any CPU = Debug|Any CPU
		Release|Any CPU = Release|Any CPU
	EndGlobalSection
	GlobalSection(ProjectConfigurationPlatforms) = postSolution
		{2C1B7A78-3705-45DF-8C20-0AC3BA8CB24F}.Debug|Any CPU.ActiveCfg = Debug|Any CPU
		{2C1B7A78-3705-45DF-8C20-0AC3BA8CB24F}.Debug|Any CPU.Build.0 = Debug|Any CPU
		{2C1B7A78-3705-45DF-8C20-0AC3BA8CB24F}.Release|Any CPU.ActiveCfg = Release|Any CPU
		{2C1B7A78-3705-45DF-8C20-0AC3BA8CB24F}.Release|Any CPU.Build.0 = Release|Any CPU
		{FC63D106-E429-4D6B-A565-BBB144AEC05B}.Debug|Any CPU.ActiveCfg = Debug|Any CPU
		{FC63D106-E429-4D6B-A565-BBB144AEC05B}.Debug|Any CPU.Build.0 = Debug|Any CPU
		{FC63D106-E429-4D6B-A565-BBB144AEC05B}.Release|Any CPU.ActiveCfg = Release|Any CPU
		{FC63D106-E429-4D6B-A565-BBB144AEC05B}.Release|Any CPU.Build.0 = Release|Any CPU
		{E7198160-A46B-4957-9FCF-31E96033B9B1}.Debug|Any CPU.ActiveCfg = Debug|Any CPU
		{E7198160-A46B-4957-9FCF-31E96033B9B1}.Debug|Any CPU.Build.0 = Debug|Any CPU
		{E7198160-A46B-4957-9FCF-31E96033B9B1}.Release|Any CPU.ActiveCfg = Release|Any CPU
		{E7198160-A46B-4957-9FCF-31E96033B9B1}.Release|Any CPU.Build.0 = Release|Any CPU
	EndGlobalSection
	GlobalSection(SolutionProperties) = preSolution
		HideSolutionNode = FALSE
	EndGlobalSection
	GlobalSection(ExtensibilityGlobals) = postSolution
		SolutionGuid = {EF6F2151-5884-4BB2-BAA4-4E34AA61BD1C}
	EndGlobalSection
EndGlobal
